
Microsoft Visual Studio Solution File, Format Version 12.00
# Visual Studio Version 17
VisualStudioVersion = 17.13.35825.156 d17.13
MinimumVisualStudioVersion = 10.0.40219.1
Project("{FAE04EC0-301F-11D3-BF4B-00C04F79EFBC}") = "ToDoManagement", "ToDoManagement.csproj", "{C4270550-AB72-46C5-BA43-E49803D4E139}"
EndProject
Global
	GlobalSection(SolutionConfigurationPlatforms) = preSolution
		Debug|Any CPU = Debug|Any CPU
		Release|Any CPU = Release|Any CPU
	EndGlobalSection
	GlobalSection(ProjectConfigurationPlatforms) = postSolution
		{C4270550-AB72-46C5-BA43-E49803D4E139}.Debug|Any CPU.ActiveCfg = Debug|Any CPU
		{C4270550-AB72-46C5-BA43-E49803D4E139}.Debug|Any CPU.Build.0 = Debug|Any CPU
		{C4270550-AB72-46C5-BA43-E49803D4E139}.Release|Any CPU.ActiveCfg = Release|Any CPU
		{C4270550-AB72-46C5-BA43-E49803D4E139}.Release|Any CPU.Build.0 = Release|Any CPU
	EndGlobalSection
	GlobalSection(SolutionProperties) = preSolution
		HideSolutionNode = FALSE
	EndGlobalSection
	GlobalSection(ExtensibilityGlobals) = postSolution
		SolutionGuid = {FC2B5C0B-EDB6-4DFF-9DD7-13B20636D1AD}
	EndGlobalSection
EndGlobal
